// !$*UTF8*$!
{
	archiveVersion = 1;
	classes = {
	};
	objectVersion = 46;
	objects = {

/* Begin PBXBuildFile section */
		A21C783F1D98CFFD001DB523 /* AppDelegate.swift in Sources */ = {isa = PBXBuildFile; fileRef = A21C783E1D98CFFD001DB523 /* AppDelegate.swift */; };
		A21C78411D98CFFD001DB523 /* ViewController.swift in Sources */ = {isa = PBXBuildFile; fileRef = A21C78401D98CFFD001DB523 /* ViewController.swift */; };
		A21C78441D98CFFD001DB523 /* Main.storyboard in Resources */ = {isa = PBXBuildFile; fileRef = A21C78421D98CFFD001DB523 /* Main.storyboard */; };
		A21C78461D98CFFD001DB523 /* Assets.xcassets in Resources */ = {isa = PBXBuildFile; fileRef = A21C78451D98CFFD001DB523 /* Assets.xcassets */; };
		A21C78491D98CFFD001DB523 /* LaunchScreen.storyboard in Resources */ = {isa = PBXBuildFile; fileRef = A21C78471D98CFFD001DB523 /* LaunchScreen.storyboard */; };
		A21C78521D98D02E001DB523 /* WXHorizontalPhotoIndexView.swift in Sources */ = {isa = PBXBuildFile; fileRef = A21C78501D98D02E001DB523 /* WXHorizontalPhotoIndexView.swift */; };
		A21C78531D98D02E001DB523 /* WXHorizontalPhotoView.swift in Sources */ = {isa = PBXBuildFile; fileRef = A21C78511D98D02E001DB523 /* WXHorizontalPhotoView.swift */; };
		A21C78581D98D03A001DB523 /* first.jpg in Resources */ = {isa = PBXBuildFile; fileRef = A21C78551D98D03A001DB523 /* first.jpg */; };
		A21C78591D98D03A001DB523 /* second.jpg in Resources */ = {isa = PBXBuildFile; fileRef = A21C78561D98D03A001DB523 /* second.jpg */; };
		A21C785A1D98D03A001DB523 /* third.jpg in Resources */ = {isa = PBXBuildFile; fileRef = A21C78571D98D03A001DB523 /* third.jpg */; };
/* End PBXBuildFile section */

/* Begin PBXFileReference section */
		A21C783B1D98CFFD001DB523 /* WXHorizontalPhotoView.app */ = {isa = PBXFileReference; explicitFileType = wrapper.application; includeInIndex = 0; path = WXHorizontalPhotoView.app; sourceTree = BUILT_PRODUCTS_DIR; };
		A21C783E1D98CFFD001DB523 /* AppDelegate.swift */ = {isa = PBXFileReference; lastKnownFileType = sourcecode.swift; path = AppDelegate.swift; sourceTree = "<group>"; };
		A21C78401D98CFFD001DB523 /* ViewController.swift */ = {isa = PBXFileReference; lastKnownFileType = sourcecode.swift; path = ViewController.swift; sourceTree = "<group>"; };
		A21C78431D98CFFD001DB523 /* Base */ = {isa = PBXFileReference; lastKnownFileType = file.storyboard; name = Base; path = Base.lproj/Main.storyboard; sourceTree = "<group>"; };
		A21C78451D98CFFD001DB523 /* Assets.xcassets */ = {isa = PBXFileReference; lastKnownFileType = folder.assetcatalog; path = Assets.xcassets; sourceTree = "<group>"; };
		A21C78481D98CFFD001DB523 /* Base */ = {isa = PBXFileReference; lastKnownFileType = file.storyboard; name = Base; path = Base.lproj/LaunchScreen.storyboard; sourceTree = "<group>"; };
		A21C784A1D98CFFD001DB523 /* Info.plist */ = {isa = PBXFileReference; lastKnownFileType = text.plist.xml; path = Info.plist; sourceTree = "<group>"; };
		A21C78501D98D02E001DB523 /* WXHorizontalPhotoIndexView.swift */ = {isa = PBXFileReference; fileEncoding = 4; lastKnownFileType = sourcecode.swift; path = WXHorizontalPhotoIndexView.swift; sourceTree = "<group>"; };
		A21C78511D98D02E001DB523 /* WXHorizontalPhotoView.swift */ = {isa = PBXFileReference; fileEncoding = 4; lastKnownFileType = sourcecode.swift; path = WXHorizontalPhotoView.swift; sourceTree = "<group>"; };
		A21C78551D98D03A001DB523 /* first.jpg */ = {isa = PBXFileReference; lastKnownFileType = image.jpeg; path = first.jpg; sourceTree = "<group>"; };
		A21C78561D98D03A001DB523 /* second.jpg */ = {isa = PBXFileReference; lastKnownFileType = image.jpeg; path = second.jpg; sourceTree = "<group>"; };
		A21C78571D98D03A001DB523 /* third.jpg */ = {isa = PBXFileReference; lastKnownFileType = image.jpeg; path = third.jpg; sourceTree = "<group>"; };
/* End PBXFileReference section */

/* Begin PBXFrameworksBuildPhase section */
		A21C78381D98CFFD001DB523 /* Frameworks */ = {
			isa = PBXFrameworksBuildPhase;
			buildActionMask = 2147483647;
			files = (
			);
			runOnlyForDeploymentPostprocessing = 0;
		};
/* End PBXFrameworksBuildPhase section */

/* Begin PBXGroup section */
		A21C78321D98CFFD001DB523 = {
			isa = PBXGroup;
			children = (
				A21C783D1D98CFFD001DB523 /* WXHorizontalPhotoView */,
				A21C783C1D98CFFD001DB523 /* Products */,
			);
			sourceTree = "<group>";
		};
		A21C783C1D98CFFD001DB523 /* Products */ = {
			isa = PBXGroup;
			children = (
				A21C783B1D98CFFD001DB523 /* WXHorizontalPhotoView.app */,
			);
			name = Products;
			sourceTree = "<group>";
		};
		A21C783D1D98CFFD001DB523 /* WXHorizontalPhotoView */ = {
			isa = PBXGroup;
			children = (
				A21C783E1D98CFFD001DB523 /* AppDelegate.swift */,
				A21C78401D98CFFD001DB523 /* ViewController.swift */,
				A21C78501D98D02E001DB523 /* WXHorizontalPhotoIndexView.swift */,
				A21C78511D98D02E001DB523 /* WXHorizontalPhotoView.swift */,
				A21C78541D98D03A001DB523 /* Image */,
				A21C78421D98CFFD001DB523 /* Main.storyboard */,
				A21C78451D98CFFD001DB523 /* Assets.xcassets */,
				A21C78471D98CFFD001DB523 /* LaunchScreen.storyboard */,
				A21C784A1D98CFFD001DB523 /* Info.plist */,
			);
			path = WXHorizontalPhotoView;
			sourceTree = "<group>";
		};
		A21C78541D98D03A001DB523 /* Image */ = {
			isa = PBXGroup;
			children = (
				A21C78551D98D03A001DB523 /* first.jpg */,
				A21C78561D98D03A001DB523 /* second.jpg */,
				A21C78571D98D03A001DB523 /* third.jpg */,
			);
			path = Image;
			sourceTree = "<group>";
		};
/* End PBXGroup section */

/* Begin PBXNativeTarget section */
		A21C783A1D98CFFD001DB523 /* WXHorizontalPhotoView */ = {
			isa = PBXNativeTarget;
			buildConfigurationList = A21C784D1D98CFFD001DB523 /* Build configuration list for PBXNativeTarget "WXHorizontalPhotoView" */;
			buildPhases = (
				A21C78371D98CFFD001DB523 /* Sources */,
				A21C78381D98CFFD001DB523 /* Frameworks */,
				A21C78391D98CFFD001DB523 /* Resources */,
			);
			buildRules = (
			);
			dependencies = (
			);
			name = WXHorizontalPhotoView;
			productName = WXHorizontalPhotoView;
			productReference = A21C783B1D98CFFD001DB523 /* WXHorizontalPhotoView.app */;
			productType = "com.apple.product-type.application";
		};
/* End PBXNativeTarget section */

/* Begin PBXProject section */
		A21C78331D98CFFD001DB523 /* Project object */ = {
			isa = PBXProject;
			attributes = {
				LastSwiftUpdateCheck = 0800;
				LastUpgradeCheck = 0800;
				ORGANIZATIONNAME = Leagon;
				TargetAttributes = {
					A21C783A1D98CFFD001DB523 = {
						CreatedOnToolsVersion = 8.0;
						DevelopmentTeam = WJFKG4XLTJ;
						LastSwiftMigration = 0800;
						ProvisioningStyle = Automatic;
					};
				};
			};
			buildConfigurationList = A21C78361D98CFFD001DB523 /* Build configuration list for PBXProject "WXHorizontalPhotoView" */;
			compatibilityVersion = "Xcode 3.2";
			developmentRegion = English;
			hasScannedForEncodings = 0;
			knownRegions = (
				en,
				Base,
			);
			mainGroup = A21C78321D98CFFD001DB523;
			productRefGroup = A21C783C1D98CFFD001DB523 /* Products */;
			projectDirPath = "";
			projectRoot = "";
			targets = (
				A21C783A1D98CFFD001DB523 /* WXHorizontalPhotoView */,
			);
		};
/* End PBXProject section */

/* Begin PBXResourcesBuildPhase section */
		A21C78391D98CFFD001DB523 /* Resources */ = {
			isa = PBXResourcesBuildPhase;
			buildActionMask = 2147483647;
			files = (
				A21C78581D98D03A001DB523 /* first.jpg in Resources */,
				A21C78491D98CFFD001DB523 /* LaunchScreen.storyboard in Resources */,
				A21C78461D98CFFD001DB523 /* Assets.xcassets in Resources */,
				A21C78441D98CFFD001DB523 /* Main.storyboard in Resources */,
				A21C78591D98D03A001DB523 /* second.jpg in Resources */,
				A21C785A1D98D03A001DB523 /* third.jpg in Resources */,
			);
			runOnlyForDeploymentPostprocessing = 0;
		};
/* End PBXResourcesBuildPhase section */

/* Begin PBXSourcesBuildPhase section */
		A21C78371D98CFFD001DB523 /* Sources */ = {
			isa = PBXSourcesBuildPhase;
			buildActionMask = 2147483647;
			files = (
				A21C78531D98D02E001DB523 /* WXHorizontalPhotoView.swift in Sources */,
				A21C78411D98CFFD001DB523 /* ViewController.swift in Sources */,
				A21C783F1D98CFFD001DB523 /* AppDelegate.swift in Sources */,
				A21C78521D98D02E001DB523 /* WXHorizontalPhotoIndexView.swift in Sources */,
			);
			runOnlyForDeploymentPostprocessing = 0;
		};
/* End PBXSourcesBuildPhase section */

/* Begin PBXVariantGroup section */
		A21C78421D98CFFD001DB523 /* Main.storyboard */ = {
			isa = PBXVariantGroup;
			children = (
				A21C78431D98CFFD001DB523 /* Base */,
			);
			name = Main.storyboard;
			sourceTree = "<group>";
		};
		A21C78471D98CFFD001DB523 /* LaunchScreen.storyboard */ = {
			isa = PBXVariantGroup;
			children = (
				A21C78481D98CFFD001DB523 /* Base */,
			);
			name = LaunchScreen.storyboard;
			sourceTree = "<group>";
		};
/* End PBXVariantGroup section */

/* Begin XCBuildConfiguration section */
		A21C784B1D98CFFD001DB523 /* Debug */ = {
			isa = XCBuildConfiguration;
			buildSettings = {
				ALWAYS_SEARCH_USER_PATHS = NO;
				CLANG_ANALYZER_NONNULL = YES;
				CLANG_CXX_LANGUAGE_STANDARD = "gnu++0x";
				CLANG_CXX_LIBRARY = "libc++";
				CLANG_ENABLE_MODULES = YES;
				CLANG_ENABLE_OBJC_ARC = YES;
				CLANG_WARN_BOOL_CONVERSION = YES;
				CLANG_WARN_CONSTANT_CONVERSION = YES;
				CLANG_WARN_DIRECT_OBJC_ISA_USAGE = YES_ERROR;
				CLANG_WARN_DOCUMENTATION_COMMENTS = YES;
				CLANG_WARN_EMPTY_BODY = YES;
				CLANG_WARN_ENUM_CONVERSION = YES;
				CLANG_WARN_INFINITE_RECURSION = YES;
				CLANG_WARN_INT_CONVERSION = YES;
				CLANG_WARN_OBJC_ROOT_CLASS = YES_ERROR;
				CLANG_WARN_SUSPICIOUS_MOVES = YES;
				CLANG_WARN_UNREACHABLE_CODE = YES;
				CLANG_WARN__DUPLICATE_METHOD_MATCH = YES;
				"CODE_SIGN_IDENTITY[sdk=iphoneos*]" = "iPhone Developer";
				COPY_PHASE_STRIP = NO;
				DEBUG_INFORMATION_FORMAT = dwarf;
				ENABLE_STRICT_OBJC_MSGSEND = YES;
				ENABLE_TESTABILITY = YES;
				GCC_C_LANGUAGE_STANDARD = gnu99;
				GCC_DYNAMIC_NO_PIC = NO;
				GCC_NO_COMMON_BLOCKS = YES;
				GCC_OPTIMIZATION_LEVEL = 0;
				GCC_PREPROCESSOR_DEFINITIONS = (
					"DEBUG=1",
					"$(inherited)",
				);
				GCC_WARN_64_TO_32_BIT_CONVERSION = YES;
				GCC_WARN_ABOUT_RETURN_TYPE = YES_ERROR;
				GCC_WARN_UNDECLARED_SELECTOR = YES;
				GCC_WARN_UNINITIALIZED_AUTOS = YES_AGGRESSIVE;
				GCC_WARN_UNUSED_FUNCTION = YES;
				GCC_WARN_UNUSED_VARIABLE = YES;
				IPHONEOS_DEPLOYMENT_TARGET = 10.0;
				MTL_ENABLE_DEBUG_INFO = YES;
				ONLY_ACTIVE_ARCH = YES;
				SDKROOT = iphoneos;
				SWIFT_ACTIVE_COMPILATION_CONDITIONS = DEBUG;
				SWIFT_OPTIMIZATION_LEVEL = "-Onone";
				TARGETED_DEVICE_FAMILY = "1,2";
			};
			name = Debug;
		};
		A21C784C1D98CFFD001DB523 /* Release */ = {
			isa = XCBuildConfiguration;
			buildSettings = {
				ALWAYS_SEARCH_USER_PATHS = NO;
				CLANG_ANALYZER_NONNULL = YES;
				CLANG_CXX_LANGUAGE_STANDARD = "gnu++0x";
				CLANG_CXX_LIBRARY = "libc++";
				CLANG_ENABLE_MODULES = YES;
				CLANG_ENABLE_OBJC_ARC = YES;
				CLANG_WARN_BOOL_CONVERSION = YES;
				CLANG_WARN_CONSTANT_CONVERSION = YES;
				CLANG_WARN_DIRECT_OBJC_ISA_USAGE = YES_ERROR;
				CLANG_WARN_DOCUMENTATION_COMMENTS = YES;
				CLANG_WARN_EMPTY_BODY = YES;
				CLANG_WARN_ENUM_CONVERSION = YES;
				CLANG_WARN_INFINITE_RECURSION = YES;
				CLANG_WARN_INT_CONVERSION = YES;
				CLANG_WARN_OBJC_ROOT_CLASS = YES_ERROR;
				CLANG_WARN_SUSPICIOUS_MOVES = YES;
				CLANG_WARN_UNREACHABLE_CODE = YES;
				CLANG_WARN__DUPLICATE_METHOD_MATCH = YES;
				"CODE_SIGN_IDENTITY[sdk=iphoneos*]" = "iPhone Developer";
				COPY_PHASE_STRIP = NO;
				DEBUG_INFORMATION_FORMAT = "dwarf-with-dsym";
				ENABLE_NS_ASSERTIONS = NO;
				ENABLE_STRICT_OBJC_MSGSEND = YES;
				GCC_C_LANGUAGE_STANDARD = gnu99;
				GCC_NO_COMMON_BLOCKS = YES;
				GCC_WARN_64_TO_32_BIT_CONVERSION = YES;
				GCC_WARN_ABOUT_RETURN_TYPE = YES_ERROR;
				GCC_WARN_UNDECLARED_SELECTOR = YES;
				GCC_WARN_UNINITIALIZED_AUTOS = YES_AGGRESSIVE;
				GCC_WARN_UNUSED_FUNCTION = YES;
				GCC_WARN_UNUSED_VARIABLE = YES;
				IPHONEOS_DEPLOYMENT_TARGET = 10.0;
				MTL_ENABLE_DEBUG_INFO = NO;
				SDKROOT = iphoneos;
				SWIFT_OPTIMIZATION_LEVEL = "-Owholemodule";
				TARGETED_DEVICE_FAMILY = "1,2";
				VALIDATE_PRODUCT = YES;
			};
			name = Release;
		};
		A21C784E1D98CFFD001DB523 /* Debug */ = {
			isa = XCBuildConfiguration;
			buildSettings = {
				ASSETCATALOG_COMPILER_APPICON_NAME = AppIcon;
				DEVELOPMENT_TEAM = WJFKG4XLTJ;
				INFOPLIST_FILE = WXHorizontalPhotoView/Info.plist;
				IPHONEOS_DEPLOYMENT_TARGET = 8.0;
				LD_RUNPATH_SEARCH_PATHS = "$(inherited) @executable_path/Frameworks";
				PRODUCT_BUNDLE_IDENTIFIER = com.alo7.WXHorizontalPhotoView;
				PRODUCT_NAME = "$(TARGET_NAME)";
				SWIFT_VERSION = 2.3;
			};
			name = Debug;
		};
		A21C784F1D98CFFD001DB523 /* Release */ = {
			isa = XCBuildConfiguration;
			buildSettings = {
				ASSETCATALOG_COMPILER_APPICON_NAME = AppIcon;
				DEVELOPMENT_TEAM = WJFKG4XLTJ;
				INFOPLIST_FILE = WXHorizontalPhotoView/Info.plist;
				IPHONEOS_DEPLOYMENT_TARGET = 8.0;
				LD_RUNPATH_SEARCH_PATHS = "$(inherited) @executable_path/Frameworks";
				PRODUCT_BUNDLE_IDENTIFIER = com.alo7.WXHorizontalPhotoView;
				PRODUCT_NAME = "$(TARGET_NAME)";
				SWIFT_VERSION = 2.3;
			};
			name = Release;
		};
/* End XCBuildConfiguration section */

/* Begin XCConfigurationList section */
		A21C78361D98CFFD001DB523 /* Build configuration list for PBXProject "WXHorizontalPhotoView" */ = {
			isa = XCConfigurationList;
			buildConfigurations = (
				A21C784B1D98CFFD001DB523 /* Debug */,
				A21C784C1D98CFFD001DB523 /* Release */,
			);
			defaultConfigurationIsVisible = 0;
			defaultConfigurationName = Release;
		};
		A21C784D1D98CFFD001DB523 /* Build configuration list for PBXNativeTarget "WXHorizontalPhotoView" */ = {
			isa = XCConfigurationList;
			buildConfigurations = (
				A21C784E1D98CFFD001DB523 /* Debug */,
				A21C784F1D98CFFD001DB523 /* Release */,
			);
			defaultConfigurationIsVisible = 0;
			defaultConfigurationName = Release;
		};
/* End XCConfigurationList section */
	};
	rootObject = A21C78331D98CFFD001DB523 /* Project object */;
}
